
Microsoft Visual Studio Solution File, Format Version 12.00
# Visual Studio Version 17
VisualStudioVersion = 17.6.33829.357
MinimumVisualStudioVersion = 10.0.40219.1
Project("{FAE04EC0-301F-11D3-BF4B-00C04F79EFBC}") = "Haat-Bazar", "Haat-Bazar\Haat-Bazar.csproj", "{EF2EB7BE-1BDA-4D7A-BB97-03DE65E3E428}"
EndProject
Global
	GlobalSection(SolutionConfigurationPlatforms) = preSolution
		Debug|Any CPU = Debug|Any CPU
		Release|Any CPU = Release|Any CPU
	EndGlobalSection
	GlobalSection(ProjectConfigurationPlatforms) = postSolution
		{EF2EB7BE-1BDA-4D7A-BB97-03DE65E3E428}.Debug|Any CPU.ActiveCfg = Debug|Any CPU
		{EF2EB7BE-1BDA-4D7A-BB97-03DE65E3E428}.Debug|Any CPU.Build.0 = Debug|Any CPU
		{EF2EB7BE-1BDA-4D7A-BB97-03DE65E3E428}.Release|Any CPU.ActiveCfg = Release|Any CPU
		{EF2EB7BE-1BDA-4D7A-BB97-03DE65E3E428}.Release|Any CPU.Build.0 = Release|Any CPU
	EndGlobalSection
	GlobalSection(SolutionProperties) = preSolution
		HideSolutionNode = FALSE
	EndGlobalSection
	GlobalSection(ExtensibilityGlobals) = postSolution
		SolutionGuid = {A12ECD79-6C70-4C13-B69F-C23893186E5D}
	EndGlobalSection
EndGlobal
